hash: 4b655468d5dec9807ac87d6152c5e30e4f95dd05c9e1d1427f8f274ef1ced80b
updated: 2017-08-30T12:03:03.718816807+09:00
imports:
- name: github.com/labstack/echo
  version: cec7629194fe4bf83b0c72d9a02d340c7a1468ac
- name: github.com/labstack/gommon
  version: f72d3c883f8ea180da8f085dd320804c41332ad1
  subpackages:
  - color
  - log
- name: github.com/mattn/go-colorable
  version: d228849504861217f796da67fae4f6e347643f15
- name: github.com/mattn/go-isatty
  version: 30a891c33c7cde7b02a981314b4228ec99380cca
- name: github.com/rakd/how_to_start_golang_with_echo
  version: a3ebacc6452ae932a33cb550da409b75d08d1205
  subpackages:
  - 01hello/controllers
- name: github.com/valyala/bytebufferpool
  version: e746df99fe4a3986f4d4f79e13c1e0117ce9c2f7
- name: github.com/valyala/fasttemplate
  version: d090d65668a286d9a180d43a19dfdc5dcad8fe88
- name: golang.org/x/crypto
  version: bed12803fa9663d7aa2c2346b0c634ad2dcd43b7
  subpackages:
  - acme
  - acme/autocert
- name: golang.org/x/net
  version: 41bba8d80bbfab43231ffdf4c210037baae5f6a3
  subpackages:
  - context
  - context/ctxhttp
- name: golang.org/x/sys
  version: 7a6e5648d140666db5d920909e082ca00a87ba2c
  subpackages:
  - unix
testImports: []
